
Microsoft Visual Studio Solution File, Format Version 12.00
# Visual Studio Version 17
VisualStudioVersion = 17.9.34728.123
MinimumVisualStudioVersion = 10.0.40219.1
Project("{9A19103F-16F7-4668-BE54-9A1E7A4F7556}") = "GlobalUsing", "GlobalUsing\GlobalUsing.csproj", "{23326C22-CCFF-4CC1-A4CE-317A1B5F8482}"
EndProject
Project("{9A19103F-16F7-4668-BE54-9A1E7A4F7556}") = "FindPet.Core", "FindPet.Core\FindPet.Core.csproj", "{5788D434-B7D7-4CCF-93BA-8A58CA7E5ABD}"
EndProject
Project("{9A19103F-16F7-4668-BE54-9A1E7A4F7556}") = "FindPet.Infrastructure", "FindPet.Infrastructure\FindPet.Infrastructure.csproj", "{198CBD81-E749-4BCC-85DD-DBCDF7EAEE97}"
EndProject
Project("{9A19103F-16F7-4668-BE54-9A1E7A4F7556}") = "FindPet.Tests", "FindPet.Tests\FindPet.Tests.csproj", "{0D68E90D-F76B-490C-AADE-3616570288EB}"
EndProject
Project("{9A19103F-16F7-4668-BE54-9A1E7A4F7556}") = "FindPet.Domain", "FindPet.Domain\FindPet.Domain.csproj", "{C4301332-608B-4858-BAA6-40E3FE7AAEFD}"
EndProject
Project("{9A19103F-16F7-4668-BE54-9A1E7A4F7556}") = "FindPet.API", "FindPet.API\FindPet.API.csproj", "{D2046F49-1C40-4061-A244-11235BADAF2E}"
EndProject
Global
	GlobalSection(SolutionConfigurationPlatforms) = preSolution
		Debug|Any CPU = Debug|Any CPU
		Release|Any CPU = Release|Any CPU
	EndGlobalSection
	GlobalSection(ProjectConfigurationPlatforms) = postSolution
		{23326C22-CCFF-4CC1-A4CE-317A1B5F8482}.Debug|Any CPU.ActiveCfg = Debug|Any CPU
		{23326C22-CCFF-4CC1-A4CE-317A1B5F8482}.Debug|Any CPU.Build.0 = Debug|Any CPU
		{23326C22-CCFF-4CC1-A4CE-317A1B5F8482}.Release|Any CPU.ActiveCfg = Release|Any CPU
		{23326C22-CCFF-4CC1-A4CE-317A1B5F8482}.Release|Any CPU.Build.0 = Release|Any CPU
		{5788D434-B7D7-4CCF-93BA-8A58CA7E5ABD}.Debug|Any CPU.ActiveCfg = Debug|Any CPU
		{5788D434-B7D7-4CCF-93BA-8A58CA7E5ABD}.Debug|Any CPU.Build.0 = Debug|Any CPU
		{5788D434-B7D7-4CCF-93BA-8A58CA7E5ABD}.Release|Any CPU.ActiveCfg = Release|Any CPU
		{5788D434-B7D7-4CCF-93BA-8A58CA7E5ABD}.Release|Any CPU.Build.0 = Release|Any CPU
		{198CBD81-E749-4BCC-85DD-DBCDF7EAEE97}.Debug|Any CPU.ActiveCfg = Debug|Any CPU
		{198CBD81-E749-4BCC-85DD-DBCDF7EAEE97}.Debug|Any CPU.Build.0 = Debug|Any CPU
		{198CBD81-E749-4BCC-85DD-DBCDF7EAEE97}.Release|Any CPU.ActiveCfg = Release|Any CPU
		{198CBD81-E749-4BCC-85DD-DBCDF7EAEE97}.Release|Any CPU.Build.0 = Release|Any CPU
		{0D68E90D-F76B-490C-AADE-3616570288EB}.Debug|Any CPU.ActiveCfg = Debug|Any CPU
		{0D68E90D-F76B-490C-AADE-3616570288EB}.Debug|Any CPU.Build.0 = Debug|Any CPU
		{0D68E90D-F76B-490C-AADE-3616570288EB}.Release|Any CPU.ActiveCfg = Release|Any CPU
		{0D68E90D-F76B-490C-AADE-3616570288EB}.Release|Any CPU.Build.0 = Release|Any CPU
		{C4301332-608B-4858-BAA6-40E3FE7AAEFD}.Debug|Any CPU.ActiveCfg = Debug|Any CPU
		{C4301332-608B-4858-BAA6-40E3FE7AAEFD}.Debug|Any CPU.Build.0 = Debug|Any CPU
		{C4301332-608B-4858-BAA6-40E3FE7AAEFD}.Release|Any CPU.ActiveCfg = Release|Any CPU
		{C4301332-608B-4858-BAA6-40E3FE7AAEFD}.Release|Any CPU.Build.0 = Release|Any CPU
		{D2046F49-1C40-4061-A244-11235BADAF2E}.Debug|Any CPU.ActiveCfg = Debug|Any CPU
		{D2046F49-1C40-4061-A244-11235BADAF2E}.Debug|Any CPU.Build.0 = Debug|Any CPU
		{D2046F49-1C40-4061-A244-11235BADAF2E}.Release|Any CPU.ActiveCfg = Release|Any CPU
		{D2046F49-1C40-4061-A244-11235BADAF2E}.Release|Any CPU.Build.0 = Release|Any CPU
	EndGlobalSection
	GlobalSection(SolutionProperties) = preSolution
		HideSolutionNode = FALSE
	EndGlobalSection
	GlobalSection(ExtensibilityGlobals) = postSolution
		SolutionGuid = {9BE95D51-5C62-4DBB-895D-6388F0FF5489}
	EndGlobalSection
EndGlobal
